<?xml version="1.0" encoding="UTF-8"?>
<Scheme
   LastUpgradeVersion = "0640"
   version = "1.3">
   <BuildAction
      parallelizeBuildables = "YES"
      buildImplicitDependencies = "YES">
      <BuildActionEntries>
         <BuildActionEntry
            buildForTesting = "YES"
            buildForRunning = "YES"
            buildForProfiling = "YES"
            buildForArchiving = "YES"
            buildForAnalyzing = "YES">
            <BuildableReference
               BuildableIdentifier = "primary"
               BlueprintIdentifier = "FF1C8C971B7339BB000F0F1D"
               BuildableName = "HN Watch WatchKit App.app"
               BlueprintName = "HN Watch WatchKit App"
               ReferencedContainer = "container:HN.xcodeproj">
            </BuildableReference>
         </BuildActionEntry>
         <BuildActionEntry
            buildForTesting = "YES"
            buildForRunning = "YES"
            buildForProfiling = "YES"
            buildForArchiving = "YES"
            buildForAnalyzing = "YES">
            <BuildableReference
               BuildableIdentifier = "primary"
               BlueprintIdentifier = "FF1C8C3C1B733083000F0F1D"
               BuildableName = "HN.app"
               BlueprintName = "HN"
               ReferencedContainer = "container:HN.xcodeproj">
            </BuildableReference>
         </BuildActionEntry>
         <BuildActionEntry
            buildForTesting = "YES"
            buildForRunning = "YES"
            buildForProfiling = "YES"
            buildForArchiving = "YES"
            buildForAnalyzing = "YES">
            <BuildableReference
               BuildableIdentifier = "primary"
               BlueprintIdentifier = "FF1C8C8A1B7339BB000F0F1D"
               BuildableName = "HN Watch WatchKit Extension.appex"
               BlueprintName = "HN Watch WatchKit Extension"
               ReferencedContainer = "container:HN.xcodeproj">
            </BuildableReference>
         </BuildActionEntry>
      </BuildActionEntries>
   </BuildAction>
   <TestAction
      selectedDebuggerIdentifier = "Xcode.DebuggerFoundation.Debugger.LLDB"
      selectedLauncherIdentifier = "Xcode.DebuggerFoundation.Launcher.LLDB"
      shouldUseLaunchSchemeArgsEnv = "YES"
      buildConfiguration = "Debug">
      <Testables>
      </Testables>
      <MacroExpansion>
         <BuildableReference
            BuildableIdentifier = "primary"
            BlueprintIdentifier = "FF1C8C971B7339BB000F0F1D"
            BuildableName = "HN Watch WatchKit App.app"
            BlueprintName = "HN Watch WatchKit App"
            ReferencedContainer = "container:HN.xcodeproj">
         </BuildableReference>
      </MacroExpansion>
   </TestAction>
   <LaunchAction
      selectedDebuggerIdentifier = "Xcode.DebuggerFoundation.Debugger.LLDB"
      selectedLauncherIdentifier = "Xcode.DebuggerFoundation.Launcher.LLDB"
      launchStyle = "0"
      useCustomWorkingDirectory = "NO"
      buildConfiguration = "Debug"
      ignoresPersistentStateOnLaunch = "NO"
      debugDocumentVersioning = "YES"
      allowLocationSimulation = "YES">
      <RemoteRunnable
         runnableDebuggingMode = "2"
         BundleIdentifier = "com.apple.springboard"
         RemotePath = "/HN Watch">
         <BuildableReference
            BuildableIdentifier = "primary"
            BlueprintIdentifier = "FF1C8C971B7339BB000F0F1D"
            BuildableName = "HN Watch WatchKit App.app"
            BlueprintName = "HN Watch WatchKit App"
            ReferencedContainer = "container:HN.xcodeproj">
         </BuildableReference>
      </RemoteRunnable>
      <MacroExpansion>
         <BuildableReference
            BuildableIdentifier = "primary"
            BlueprintIdentifier = "FF1C8C971B7339BB000F0F1D"
            BuildableName = "HN Watch WatchKit App.app"
            BlueprintName = "HN Watch WatchKit App"
            ReferencedContainer = "container:HN.xcodeproj">
         </BuildableReference>
      </MacroExpansion>
      <AdditionalOptions>
      </AdditionalOptions>
   </LaunchAction>
   <ProfileAction
      shouldUseLaunchSchemeArgsEnv = "YES"
      savedToolIdentifier = ""
      useCustomWorkingDirectory = "NO"
      buildConfiguration = "Release"
      debugDocumentVersioning = "YES">
      <RemoteRunnable
         runnableDebuggingMode = "2"
         BundleIdentifier = "com.apple.springboard"
         RemotePath = "/HN Watch">
         <BuildableReference
            BuildableIdentifier = "primary"
            BlueprintIdentifier = "FF1C8C971B7339BB000F0F1D"
            BuildableName = "HN Watch WatchKit App.app"
            BlueprintName = "HN Watch WatchKit App"
            ReferencedContainer = "container:HN.xcodeproj">
         </BuildableReference>
      </RemoteRunnable>
      <MacroExpansion>
         <BuildableReference
            BuildableIdentifier = "primary"
            BlueprintIdentifier = "FF1C8C971B7339BB000F0F1D"
            BuildableName = "HN Watch WatchKit App.app"
            BlueprintName = "HN Watch WatchKit App"
            ReferencedContainer = "container:HN.xcodeproj">
         </BuildableReference>
      </MacroExpansion>
   </ProfileAction>
   <AnalyzeAction
      buildConfiguration = "Debug">
   </AnalyzeAction>
   <ArchiveAction
      buildConfiguration = "Release"
      revealArchiveInOrganizer = "YES">
   </ArchiveAction>
</Scheme>
